// !$*UTF8*$!
{
	archiveVersion = 1;
	classes = {
	};
	objectVersion = 51;
	objects = {

/* Begin PBXBuildFile section */
		841D21EF249F5C250068AAA5 /* DatabaseRealm.swift in Sources */ = {isa = PBXBuildFile; fileRef = 841D21EE249F5C250068AAA5 /* DatabaseRealm.swift */; };
		841D21F0249F5C250068AAA5 /* DatabaseRealm.swift in Sources */ = {isa = PBXBuildFile; fileRef = 841D21EE249F5C250068AAA5 /* DatabaseRealm.swift */; };
		841D21F1249F5C250068AAA5 /* DatabaseRealm.swift in Sources */ = {isa = PBXBuildFile; fileRef = 841D21EE249F5C250068AAA5 /* DatabaseRealm.swift */; };
		844B99182480865700FDAD24 /* TableViewController.swift in Sources */ = {isa = PBXBuildFile; fileRef = 844B99172480865700FDAD24 /* TableViewController.swift */; };
		844B99192480865700FDAD24 /* TableViewController.swift in Sources */ = {isa = PBXBuildFile; fileRef = 844B99172480865700FDAD24 /* TableViewController.swift */; };
		844B991A2480865700FDAD24 /* TableViewController.swift in Sources */ = {isa = PBXBuildFile; fileRef = 844B99172480865700FDAD24 /* TableViewController.swift */; };
		8452C5DC247673070053B5FA /* AppDelegate.swift in Sources */ = {isa = PBXBuildFile; fileRef = 8452C5DB247673070053B5FA /* AppDelegate.swift */; };
		8452C5E3247673070053B5FA /* Main.storyboard in Resources */ = {isa = PBXBuildFile; fileRef = 8452C5E1247673070053B5FA /* Main.storyboard */; };
		8452C5E5247673090053B5FA /* Assets.xcassets in Resources */ = {isa = PBXBuildFile; fileRef = 8452C5E4247673090053B5FA /* Assets.xcassets */; };
		8452C5E8247673090053B5FA /* LaunchScreen.storyboard in Resources */ = {isa = PBXBuildFile; fileRef = 8452C5E6247673090053B5FA /* LaunchScreen.storyboard */; };
		8452C5F32476730A0053B5FA /* SOLID_DBTests.swift in Sources */ = {isa = PBXBuildFile; fileRef = 8452C5F22476730A0053B5FA /* SOLID_DBTests.swift */; };
		8452C5FE2476730A0053B5FA /* SOLID_DBUITests.swift in Sources */ = {isa = PBXBuildFile; fileRef = 8452C5FD2476730A0053B5FA /* SOLID_DBUITests.swift */; };
		8452C6102476899B0053B5FA /* NavigationController.swift in Sources */ = {isa = PBXBuildFile; fileRef = 8452C60F2476899B0053B5FA /* NavigationController.swift */; };
		8452C6112476899B0053B5FA /* NavigationController.swift in Sources */ = {isa = PBXBuildFile; fileRef = 8452C60F2476899B0053B5FA /* NavigationController.swift */; };
		8452C6122476899B0053B5FA /* NavigationController.swift in Sources */ = {isa = PBXBuildFile; fileRef = 8452C60F2476899B0053B5FA /* NavigationController.swift */; };
		8452C614247691510053B5FA /* SelectorViewController.swift in Sources */ = {isa = PBXBuildFile; fileRef = 8452C613247691510053B5FA /* SelectorViewController.swift */; };
		8452C615247691510053B5FA /* SelectorViewController.swift in Sources */ = {isa = PBXBuildFile; fileRef = 8452C613247691510053B5FA /* SelectorViewController.swift */; };
		8452C616247691510053B5FA /* SelectorViewController.swift in Sources */ = {isa = PBXBuildFile; fileRef = 8452C613247691510053B5FA /* SelectorViewController.swift */; };
		8452C6182476AB140053B5FA /* DatabaseServiceCRUDProtocol.swift in Sources */ = {isa = PBXBuildFile; fileRef = 8452C6172476AB140053B5FA /* DatabaseServiceCRUDProtocol.swift */; };
		8452C6192476AB140053B5FA /* DatabaseServiceCRUDProtocol.swift in Sources */ = {isa = PBXBuildFile; fileRef = 8452C6172476AB140053B5FA /* DatabaseServiceCRUDProtocol.swift */; };
		8452C61A2476AB140053B5FA /* DatabaseServiceCRUDProtocol.swift in Sources */ = {isa = PBXBuildFile; fileRef = 8452C6172476AB140053B5FA /* DatabaseServiceCRUDProtocol.swift */; };
		8452C61C2476AB680053B5FA /* DatabaseCreator.swift in Sources */ = {isa = PBXBuildFile; fileRef = 8452C61B2476AB680053B5FA /* DatabaseCreator.swift */; };
		8452C61D2476AB680053B5FA /* DatabaseCreator.swift in Sources */ = {isa = PBXBuildFile; fileRef = 8452C61B2476AB680053B5FA /* DatabaseCreator.swift */; };
		8452C61E2476AB680053B5FA /* DatabaseCreator.swift in Sources */ = {isa = PBXBuildFile; fileRef = 8452C61B2476AB680053B5FA /* DatabaseCreator.swift */; };
		8479F91924813EC600895C5D /* DatabaseUserDefaults.swift in Sources */ = {isa = PBXBuildFile; fileRef = 8479F91824813EC600895C5D /* DatabaseUserDefaults.swift */; };
		8479F91A24813EC600895C5D /* DatabaseUserDefaults.swift in Sources */ = {isa = PBXBuildFile; fileRef = 8479F91824813EC600895C5D /* DatabaseUserDefaults.swift */; };
		8479F91B24813EC600895C5D /* DatabaseUserDefaults.swift in Sources */ = {isa = PBXBuildFile; fileRef = 8479F91824813EC600895C5D /* DatabaseUserDefaults.swift */; };
		847AB06324803CB3008BC76E /* DatabaseMemory.swift in Sources */ = {isa = PBXBuildFile; fileRef = 847AB06224803CB3008BC76E /* DatabaseMemory.swift */; };
		847AB06424803CB3008BC76E /* DatabaseMemory.swift in Sources */ = {isa = PBXBuildFile; fileRef = 847AB06224803CB3008BC76E /* DatabaseMemory.swift */; };
		847AB06524803CB3008BC76E /* DatabaseMemory.swift in Sources */ = {isa = PBXBuildFile; fileRef = 847AB06224803CB3008BC76E /* DatabaseMemory.swift */; };
		849EE244247AF60E00FF9B8B /* LaunchDatabasesStructure.swift in Sources */ = {isa = PBXBuildFile; fileRef = 849EE243247AF60E00FF9B8B /* LaunchDatabasesStructure.swift */; };
		849EE245247AF60E00FF9B8B /* LaunchDatabasesStructure.swift in Sources */ = {isa = PBXBuildFile; fileRef = 849EE243247AF60E00FF9B8B /* LaunchDatabasesStructure.swift */; };
		849EE246247AF60E00FF9B8B /* LaunchDatabasesStructure.swift in Sources */ = {isa = PBXBuildFile; fileRef = 849EE243247AF60E00FF9B8B /* LaunchDatabasesStructure.swift */; };
		84EF4C0924802EEB004AE181 /* DataViewModel.swift in Sources */ = {isa = PBXBuildFile; fileRef = 84EF4C0824802EEB004AE181 /* DataViewModel.swift */; };
		84EF4C0A24802EEB004AE181 /* DataViewModel.swift in Sources */ = {isa = PBXBuildFile; fileRef = 84EF4C0824802EEB004AE181 /* DataViewModel.swift */; };
		84EF4C0B24802EEB004AE181 /* DataViewModel.swift in Sources */ = {isa = PBXBuildFile; fileRef = 84EF4C0824802EEB004AE181 /* DataViewModel.swift */; };
		946DF0F28ACBC3DAB6A11E22 /* Pods_SOLID_DB_SOLID_DBUITests.framework in Frameworks */ = {isa = PBXBuildFile; fileRef = 0F49FCBBEACDDF925E207A5A /* Pods_SOLID_DB_SOLID_DBUITests.framework */; };
		9747C5FA1F711923B83E8E63 /* Pods_SOLID_DBTests.framework in Frameworks */ = {isa = PBXBuildFile; fileRef = 87A02E7A7688BFFB685C3D9F /* Pods_SOLID_DBTests.framework */; };
		C178047070DE7BF31669616A /* Pods_SOLID_DB.framework in Frameworks */ = {isa = PBXBuildFile; fileRef = 9967FA179AB97247EBE301E2 /* Pods_SOLID_DB.framework */; };
/* End PBXBuildFile section */

/* Begin PBXContainerItemProxy section */
		8452C5EF2476730A0053B5FA /* PBXContainerItemProxy */ = {
			isa = PBXContainerItemProxy;
			containerPortal = 8452C5D0247673070053B5FA /* Project object */;
			proxyType = 1;
			remoteGlobalIDString = 8452C5D7247673070053B5FA;
			remoteInfo = "SOLID-DB";
		};
		8452C5FA2476730A0053B5FA /* PBXContainerItemProxy */ = {
			isa = PBXContainerItemProxy;
			containerPortal = 8452C5D0247673070053B5FA /* Project object */;
			proxyType = 1;
			remoteGlobalIDString = 8452C5D7247673070053B5FA;
			remoteInfo = "SOLID-DB";
		};
/* End PBXContainerItemProxy section */

/* Begin PBXFileReference section */
		0F49FCBBEACDDF925E207A5A /* Pods_SOLID_DB_SOLID_DBUITests.framework */ = {isa = PBXFileReference; explicitFileType = wrapper.framework; includeInIndex = 0; path = Pods_SOLID_DB_SOLID_DBUITests.framework; sourceTree = BUILT_PRODUCTS_DIR; };
		377DFDF80B040159173D8A14 /* Pods-SOLID-DB-SOLID-DBUITests.debug.xcconfig */ = {isa = PBXFileReference; includeInIndex = 1; lastKnownFileType = text.xcconfig; name = "Pods-SOLID-DB-SOLID-DBUITests.debug.xcconfig"; path = "Target Support Files/Pods-SOLID-DB-SOLID-DBUITests/Pods-SOLID-DB-SOLID-DBUITests.debug.xcconfig"; sourceTree = "<group>"; };
		3B02DCAD8EA1F65EBE13263A /* Pods-SOLID-DB.release.xcconfig */ = {isa = PBXFileReference; includeInIndex = 1; lastKnownFileType = text.xcconfig; name = "Pods-SOLID-DB.release.xcconfig"; path = "Target Support Files/Pods-SOLID-DB/Pods-SOLID-DB.release.xcconfig"; sourceTree = "<group>"; };
		5559B77366766A64ED9FFC65 /* Pods-SOLID-DBTests.release.xcconfig */ = {isa = PBXFileReference; includeInIndex = 1; lastKnownFileType = text.xcconfig; name = "Pods-SOLID-DBTests.release.xcconfig"; path = "Target Support Files/Pods-SOLID-DBTests/Pods-SOLID-DBTests.release.xcconfig"; sourceTree = "<group>"; };
		57DC2175B17BA169DF0A9769 /* Pods-SOLID-DBTests.debug.xcconfig */ = {isa = PBXFileReference; includeInIndex = 1; lastKnownFileType = text.xcconfig; name = "Pods-SOLID-DBTests.debug.xcconfig"; path = "Target Support Files/Pods-SOLID-DBTests/Pods-SOLID-DBTests.debug.xcconfig"; sourceTree = "<group>"; };
		841D21EE249F5C250068AAA5 /* DatabaseRealm.swift */ = {isa = PBXFileReference; lastKnownFileType = sourcecode.swift; path = DatabaseRealm.swift; sourceTree = "<group>"; };
		844B99172480865700FDAD24 /* TableViewController.swift */ = {isa = PBXFileReference; fileEncoding = 4; lastKnownFileType = sourcecode.swift; path = TableViewController.swift; sourceTree = "<group>"; };
		8452C5D8247673070053B5FA /* SOLID-DB.app */ = {isa = PBXFileReference; explicitFileType = wrapper.application; includeInIndex = 0; path = "SOLID-DB.app"; sourceTree = BUILT_PRODUCTS_DIR; };
		8452C5DB247673070053B5FA /* AppDelegate.swift */ = {isa = PBXFileReference; lastKnownFileType = sourcecode.swift; path = AppDelegate.swift; sourceTree = "<group>"; };
		8452C5E2247673070053B5FA /* Base */ = {isa = PBXFileReference; lastKnownFileType = file.storyboard; name = Base; path = Base.lproj/Main.storyboard; sourceTree = "<group>"; };
		8452C5E4247673090053B5FA /* Assets.xcassets */ = {isa = PBXFileReference; lastKnownFileType = folder.assetcatalog; path = Assets.xcassets; sourceTree = "<group>"; };
		8452C5E7247673090053B5FA /* Base */ = {isa = PBXFileReference; lastKnownFileType = file.storyboard; name = Base; path = Base.lproj/LaunchScreen.storyboard; sourceTree = "<group>"; };
		8452C5E9247673090053B5FA /* Info.plist */ = {isa = PBXFileReference; lastKnownFileType = text.plist.xml; path = Info.plist; sourceTree = "<group>"; };
		8452C5EE2476730A0053B5FA /* SOLID-DBTests.xctest */ = {isa = PBXFileReference; explicitFileType = wrapper.cfbundle; includeInIndex = 0; path = "SOLID-DBTests.xctest"; sourceTree = BUILT_PRODUCTS_DIR; };
		8452C5F22476730A0053B5FA /* SOLID_DBTests.swift */ = {isa = PBXFileReference; lastKnownFileType = sourcecode.swift; path = SOLID_DBTests.swift; sourceTree = "<group>"; };
		8452C5F42476730A0053B5FA /* Info.plist */ = {isa = PBXFileReference; lastKnownFileType = text.plist.xml; path = Info.plist; sourceTree = "<group>"; };
		8452C5F92476730A0053B5FA /* SOLID-DBUITests.xctest */ = {isa = PBXFileReference; explicitFileType = wrapper.cfbundle; includeInIndex = 0; path = "SOLID-DBUITests.xctest"; sourceTree = BUILT_PRODUCTS_DIR; };
		8452C5FD2476730A0053B5FA /* SOLID_DBUITests.swift */ = {isa = PBXFileReference; lastKnownFileType = sourcecode.swift; path = SOLID_DBUITests.swift; sourceTree = "<group>"; };
		8452C5FF2476730A0053B5FA /* Info.plist */ = {isa = PBXFileReference; lastKnownFileType = text.plist.xml; path = Info.plist; sourceTree = "<group>"; };
		8452C60F2476899B0053B5FA /* NavigationController.swift */ = {isa = PBXFileReference; lastKnownFileType = sourcecode.swift; path = NavigationController.swift; sourceTree = "<group>"; };
		8452C613247691510053B5FA /* SelectorViewController.swift */ = {isa = PBXFileReference; lastKnownFileType = sourcecode.swift; path = SelectorViewController.swift; sourceTree = "<group>"; };
		8452C6172476AB140053B5FA /* DatabaseServiceCRUDProtocol.swift */ = {isa = PBXFileReference; lastKnownFileType = sourcecode.swift; path = DatabaseServiceCRUDProtocol.swift; sourceTree = "<group>"; };
		8452C61B2476AB680053B5FA /* DatabaseCreator.swift */ = {isa = PBXFileReference; lastKnownFileType = sourcecode.swift; path = DatabaseCreator.swift; sourceTree = "<group>"; };
		8453605B2486FA91006DE010 /* TestPlan.xctestplan */ = {isa = PBXFileReference; lastKnownFileType = text; path = TestPlan.xctestplan; sourceTree = "<group>"; };
		8453605C2486FAAC006DE010 /* TestPlan.xctestplan */ = {isa = PBXFileReference; lastKnownFileType = text; path = TestPlan.xctestplan; sourceTree = "<group>"; };
		8479F91824813EC600895C5D /* DatabaseUserDefaults.swift */ = {isa = PBXFileReference; lastKnownFileType = sourcecode.swift; path = DatabaseUserDefaults.swift; sourceTree = "<group>"; };
		847AB06224803CB3008BC76E /* DatabaseMemory.swift */ = {isa = PBXFileReference; lastKnownFileType = sourcecode.swift; path = DatabaseMemory.swift; sourceTree = "<group>"; };
		84984665247BE8F3004B0999 /* Podfile */ = {isa = PBXFileReference; lastKnownFileType = text; path = Podfile; sourceTree = "<group>"; xcLanguageSpecificationIdentifier = xcode.lang.ruby; };
		84984666247BE8F3004B0999 /* README.md */ = {isa = PBXFileReference; lastKnownFileType = net.daringfireball.markdown; path = README.md; sourceTree = "<group>"; };
		849EE243247AF60E00FF9B8B /* LaunchDatabasesStructure.swift */ = {isa = PBXFileReference; lastKnownFileType = sourcecode.swift; path = LaunchDatabasesStructure.swift; sourceTree = "<group>"; };
		84EF4C0824802EEB004AE181 /* DataViewModel.swift */ = {isa = PBXFileReference; lastKnownFileType = sourcecode.swift; path = DataViewModel.swift; sourceTree = "<group>"; };
		87A02E7A7688BFFB685C3D9F /* Pods_SOLID_DBTests.framework */ = {isa = PBXFileReference; explicitFileType = wrapper.framework; includeInIndex = 0; path = Pods_SOLID_DBTests.framework; sourceTree = BUILT_PRODUCTS_DIR; };
		9967FA179AB97247EBE301E2 /* Pods_SOLID_DB.framework */ = {isa = PBXFileReference; explicitFileType = wrapper.framework; includeInIndex = 0; path = Pods_SOLID_DB.framework; sourceTree = BUILT_PRODUCTS_DIR; };
		CC1B0D27FFB24CF49A19F92D /* Pods-SOLID-DB.debug.xcconfig */ = {isa = PBXFileReference; includeInIndex = 1; lastKnownFileType = text.xcconfig; name = "Pods-SOLID-DB.debug.xcconfig"; path = "Target Support Files/Pods-SOLID-DB/Pods-SOLID-DB.debug.xcconfig"; sourceTree = "<group>"; };
		EAC5561C2C3BFF7D7693C768 /* Pods-SOLID-DB-SOLID-DBUITests.release.xcconfig */ = {isa = PBXFileReference; includeInIndex = 1; lastKnownFileType = text.xcconfig; name = "Pods-SOLID-DB-SOLID-DBUITests.release.xcconfig"; path = "Target Support Files/Pods-SOLID-DB-SOLID-DBUITests/Pods-SOLID-DB-SOLID-DBUITests.release.xcconfig"; sourceTree = "<group>"; };
/* End PBXFileReference section */

/* Begin PBXFrameworksBuildPhase section */
		8452C5D5247673070053B5FA /* Frameworks */ = {
			isa = PBXFrameworksBuildPhase;
			buildActionMask = 2147483647;
			files = (
				C178047070DE7BF31669616A /* Pods_SOLID_DB.framework in Frameworks */,
			);
			runOnlyForDeploymentPostprocessing = 0;
		};
		8452C5EB2476730A0053B5FA /* Frameworks */ = {
			isa = PBXFrameworksBuildPhase;
			buildActionMask = 2147483647;
			files = (
				9747C5FA1F711923B83E8E63 /* Pods_SOLID_DBTests.framework in Frameworks */,
			);
			runOnlyForDeploymentPostprocessing = 0;
		};
		8452C5F62476730A0053B5FA /* Frameworks */ = {
			isa = PBXFrameworksBuildPhase;
			buildActionMask = 2147483647;
			files = (
				946DF0F28ACBC3DAB6A11E22 /* Pods_SOLID_DB_SOLID_DBUITests.framework in Frameworks */,
			);
			runOnlyForDeploymentPostprocessing = 0;
		};
/* End PBXFrameworksBuildPhase section */

/* Begin PBXGroup section */
		0FEDF445B2B68BF8618B92A4 /* Pods */ = {
			isa = PBXGroup;
			children = (
				CC1B0D27FFB24CF49A19F92D /* Pods-SOLID-DB.debug.xcconfig */,
				3B02DCAD8EA1F65EBE13263A /* Pods-SOLID-DB.release.xcconfig */,
				377DFDF80B040159173D8A14 /* Pods-SOLID-DB-SOLID-DBUITests.debug.xcconfig */,
				EAC5561C2C3BFF7D7693C768 /* Pods-SOLID-DB-SOLID-DBUITests.release.xcconfig */,
				57DC2175B17BA169DF0A9769 /* Pods-SOLID-DBTests.debug.xcconfig */,
				5559B77366766A64ED9FFC65 /* Pods-SOLID-DBTests.release.xcconfig */,
			);
			path = Pods;
			sourceTree = "<group>";
		};
		8452C5CF247673070053B5FA = {
			isa = PBXGroup;
			children = (
				84984665247BE8F3004B0999 /* Podfile */,
				84984666247BE8F3004B0999 /* README.md */,
				8452C5DA247673070053B5FA /* SOLID-DB */,
				8452C5F12476730A0053B5FA /* SOLID-DBTests */,
				8452C5FC2476730A0053B5FA /* SOLID-DBUITests */,
				8452C5D9247673070053B5FA /* Products */,
				0FEDF445B2B68BF8618B92A4 /* Pods */,
				8BDFEC1F1D5E1788E546A26E /* Frameworks */,
			);
			sourceTree = "<group>";
		};
		8452C5D9247673070053B5FA /* Products */ = {
			isa = PBXGroup;
			children = (
				8452C5D8247673070053B5FA /* SOLID-DB.app */,
				8452C5EE2476730A0053B5FA /* SOLID-DBTests.xctest */,
				8452C5F92476730A0053B5FA /* SOLID-DBUITests.xctest */,
			);
			name = Products;
			sourceTree = "<group>";
		};
		8452C5DA247673070053B5FA /* SOLID-DB */ = {
			isa = PBXGroup;
			children = (
				8452C5DB247673070053B5FA /* AppDelegate.swift */,
				848972BC248109EC0090C248 /* Views */,
				84A8F1F224810AFB00C98486 /* Database Services */,
				8452C5E4247673090053B5FA /* Assets.xcassets */,
				8452C5E1247673070053B5FA /* Main.storyboard */,
				8452C5E6247673090053B5FA /* LaunchScreen.storyboard */,
				8452C5E9247673090053B5FA /* Info.plist */,
			);
			path = "SOLID-DB";
			sourceTree = "<group>";
		};
		8452C5F12476730A0053B5FA /* SOLID-DBTests */ = {
			isa = PBXGroup;
			children = (
				8453605B2486FA91006DE010 /* TestPlan.xctestplan */,
				8452C5F22476730A0053B5FA /* SOLID_DBTests.swift */,
				8452C5F42476730A0053B5FA /* Info.plist */,
			);
			path = "SOLID-DBTests";
			sourceTree = "<group>";
		};
		8452C5FC2476730A0053B5FA /* SOLID-DBUITests */ = {
			isa = PBXGroup;
			children = (
				8453605C2486FAAC006DE010 /* TestPlan.xctestplan */,
				8452C5FD2476730A0053B5FA /* SOLID_DBUITests.swift */,
				8452C5FF2476730A0053B5FA /* Info.plist */,
			);
			path = "SOLID-DBUITests";
			sourceTree = "<group>";
		};
		8479F91C24813ECD00895C5D /* CRUD Databases */ = {
			isa = PBXGroup;
			children = (
				847AB06224803CB3008BC76E /* DatabaseMemory.swift */,
				8479F91824813EC600895C5D /* DatabaseUserDefaults.swift */,
				841D21EE249F5C250068AAA5 /* DatabaseRealm.swift */,
			);
			path = "CRUD Databases";
			sourceTree = "<group>";
		};
		848972BC248109EC0090C248 /* Views */ = {
			isa = PBXGroup;
			children = (
				8452C60F2476899B0053B5FA /* NavigationController.swift */,
				8452C613247691510053B5FA /* SelectorViewController.swift */,
				844B99172480865700FDAD24 /* TableViewController.swift */,
			);
			path = Views;
			sourceTree = "<group>";
		};
		84A8F1F224810AFB00C98486 /* Database Services */ = {
			isa = PBXGroup;
			children = (
				8479F91C24813ECD00895C5D /* CRUD Databases */,
				8452C61B2476AB680053B5FA /* DatabaseCreator.swift */,
				84EF4C0824802EEB004AE181 /* DataViewModel.swift */,
				849EE243247AF60E00FF9B8B /* LaunchDatabasesStructure.swift */,
				8452C6172476AB140053B5FA /* DatabaseServiceCRUDProtocol.swift */,
			);
			path = "Database Services";
			sourceTree = "<group>";
		};
		8BDFEC1F1D5E1788E546A26E /* Frameworks */ = {
			isa = PBXGroup;
			children = (
				9967FA179AB97247EBE301E2 /* Pods_SOLID_DB.framework */,
				0F49FCBBEACDDF925E207A5A /* Pods_SOLID_DB_SOLID_DBUITests.framework */,
				87A02E7A7688BFFB685C3D9F /* Pods_SOLID_DBTests.framework */,
			);
			name = Frameworks;
			sourceTree = "<group>";
		};
/* End PBXGroup section */

/* Begin PBXNativeTarget section */
		8452C5D7247673070053B5FA /* SOLID-DB */ = {
			isa = PBXNativeTarget;
			buildConfigurationList = 8452C6022476730A0053B5FA /* Build configuration list for PBXNativeTarget "SOLID-DB" */;
			buildPhases = (
				9BA807BA865687D9014784A3 /* [CP] Check Pods Manifest.lock */,
				8452C5D4247673070053B5FA /* Sources */,
				8452C5D5247673070053B5FA /* Frameworks */,
				8452C5D6247673070053B5FA /* Resources */,
				84CB906A247BF2A10052174E /* ShellScript */,
				A5EAC46950BBF0BFF43B4A88 /* [CP] Embed Pods Frameworks */,
			);
			buildRules = (
			);
			dependencies = (
			);
			name = "SOLID-DB";
			productName = "SOLID-DB";
			productReference = 8452C5D8247673070053B5FA /* SOLID-DB.app */;
			productType = "com.apple.product-type.application";
		};
		8452C5ED2476730A0053B5FA /* SOLID-DBTests */ = {
			isa = PBXNativeTarget;
			buildConfigurationList = 8452C6052476730A0053B5FA /* Build configuration list for PBXNativeTarget "SOLID-DBTests" */;
			buildPhases = (
				F7F5962DF28796934EF01C60 /* [CP] Check Pods Manifest.lock */,
				8452C5EA2476730A0053B5FA /* Sources */,
				8452C5EB2476730A0053B5FA /* Frameworks */,
				8452C5EC2476730A0053B5FA /* Resources */,
				84CB906B247BF3E00052174E /* ShellScript */,
				830CCECA4134BDF7E178E3D5 /* [CP] Embed Pods Frameworks */,
			);
			buildRules = (
			);
			dependencies = (
				8452C5F02476730A0053B5FA /* PBXTargetDependency */,
			);
			name = "SOLID-DBTests";
			productName = "SOLID-DBTests";
			productReference = 8452C5EE2476730A0053B5FA /* SOLID-DBTests.xctest */;
			productType = "com.apple.product-type.bundle.unit-test";
		};
		8452C5F82476730A0053B5FA /* SOLID-DBUITests */ = {
			isa = PBXNativeTarget;
			buildConfigurationList = 8452C6082476730A0053B5FA /* Build configuration list for PBXNativeTarget "SOLID-DBUITests" */;
			buildPhases = (
				723B91EC9E63AFFFB1488EBB /* [CP] Check Pods Manifest.lock */,
				8452C5F52476730A0053B5FA /* Sources */,
				8452C5F62476730A0053B5FA /* Frameworks */,
				8452C5F72476730A0053B5FA /* Resources */,
				84CB906C247BF3F30052174E /* ShellScript */,
				C5DFA2E414A4ACF86634F404 /* [CP] Embed Pods Frameworks */,
			);
			buildRules = (
			);
			dependencies = (
				8452C5FB2476730A0053B5FA /* PBXTargetDependency */,
			);
			name = "SOLID-DBUITests";
			productName = "SOLID-DBUITests";
			productReference = 8452C5F92476730A0053B5FA /* SOLID-DBUITests.xctest */;
			productType = "com.apple.product-type.bundle.ui-testing";
		};
/* End PBXNativeTarget section */

/* Begin PBXProject section */
		8452C5D0247673070053B5FA /* Project object */ = {
			isa = PBXProject;
			attributes = {
				LastSwiftUpdateCheck = 1140;
				LastUpgradeCheck = 1140;
				ORGANIZATIONNAME = PL;
				TargetAttributes = {
					8452C5D7247673070053B5FA = {
						CreatedOnToolsVersion = 11.4.1;
					};
					8452C5ED2476730A0053B5FA = {
						CreatedOnToolsVersion = 11.4.1;
						TestTargetID = 8452C5D7247673070053B5FA;
					};
					8452C5F82476730A0053B5FA = {
						CreatedOnToolsVersion = 11.4.1;
						TestTargetID = 8452C5D7247673070053B5FA;
					};
				};
			};
			buildConfigurationList = 8452C5D3247673070053B5FA /* Build configuration list for PBXProject "SOLID-DB" */;
			compatibilityVersion = "Xcode 9.3";
			developmentRegion = en;
			hasScannedForEncodings = 0;
			knownRegions = (
				en,
				Base,
			);
			mainGroup = 8452C5CF247673070053B5FA;
			productRefGroup = 8452C5D9247673070053B5FA /* Products */;
			projectDirPath = "";
			projectRoot = "";
			targets = (
				8452C5D7247673070053B5FA /* SOLID-DB */,
				8452C5ED2476730A0053B5FA /* SOLID-DBTests */,
				8452C5F82476730A0053B5FA /* SOLID-DBUITests */,
			);
		};
/* End PBXProject section */

/* Begin PBXResourcesBuildPhase section */
		8452C5D6247673070053B5FA /* Resources */ = {
			isa = PBXResourcesBuildPhase;
			buildActionMask = 2147483647;
			files = (
				8452C5E8247673090053B5FA /* LaunchScreen.storyboard in Resources */,
				8452C5E5247673090053B5FA /* Assets.xcassets in Resources */,
				8452C5E3247673070053B5FA /* Main.storyboard in Resources */,
			);
			runOnlyForDeploymentPostprocessing = 0;
		};
		8452C5EC2476730A0053B5FA /* Resources */ = {
			isa = PBXResourcesBuildPhase;
			buildActionMask = 2147483647;
			files = (
			);
			runOnlyForDeploymentPostprocessing = 0;
		};
		8452C5F72476730A0053B5FA /* Resources */ = {
			isa = PBXResourcesBuildPhase;
			buildActionMask = 2147483647;
			files = (
			);
			runOnlyForDeploymentPostprocessing = 0;
		};
/* End PBXResourcesBuildPhase section */

/* Begin PBXShellScriptBuildPhase section */
		723B91EC9E63AFFFB1488EBB /* [CP] Check Pods Manifest.lock */ = {
			isa = PBXShellScriptBuildPhase;
			buildActionMask = 2147483647;
			files = (
			);
			inputFileListPaths = (
			);
			inputPaths = (
				"${PODS_PODFILE_DIR_PATH}/Podfile.lock",
				"${PODS_ROOT}/Manifest.lock",
			);
			name = "[CP] Check Pods Manifest.lock";
			outputFileListPaths = (
			);
			outputPaths = (
				"$(DERIVED_FILE_DIR)/Pods-SOLID-DB-SOLID-DBUITests-checkManifestLockResult.txt",
			);
			runOnlyForDeploymentPostprocessing = 0;
			shellPath = /bin/sh;
			shellScript = "diff \"${PODS_PODFILE_DIR_PATH}/Podfile.lock\" \"${PODS_ROOT}/Manifest.lock\" > /dev/null\nif [ $? != 0 ] ; then\n    # print error to STDERR\n    echo \"error: The sandbox is not in sync with the Podfile.lock. Run 'pod install' or update your CocoaPods installation.\" >&2\n    exit 1\nfi\n# This output is used by Xcode 'outputs' to avoid re-running this script phase.\necho \"SUCCESS\" > \"${SCRIPT_OUTPUT_FILE_0}\"\n";
			showEnvVarsInLog = 0;
		};
		830CCECA4134BDF7E178E3D5 /* [CP] Embed Pods Frameworks */ = {
			isa = PBXShellScriptBuildPhase;
			buildActionMask = 2147483647;
			files = (
			);
			inputFileListPaths = (
				"${PODS_ROOT}/Target Support Files/Pods-SOLID-DBTests/Pods-SOLID-DBTests-frameworks-${CONFIGURATION}-input-files.xcfilelist",
			);
			name = "[CP] Embed Pods Frameworks";
			outputFileListPaths = (
				"${PODS_ROOT}/Target Support Files/Pods-SOLID-DBTests/Pods-SOLID-DBTests-frameworks-${CONFIGURATION}-output-files.xcfilelist",
			);
			runOnlyForDeploymentPostprocessing = 0;
			shellPath = /bin/sh;
			shellScript = "\"${PODS_ROOT}/Target Support Files/Pods-SOLID-DBTests/Pods-SOLID-DBTests-frameworks.sh\"\n";
			showEnvVarsInLog = 0;
		};
		84CB906A247BF2A10052174E /* ShellScript */ = {
			isa = PBXShellScriptBuildPhase;
			buildActionMask = 2147483647;
			files = (
			);
			inputFileListPaths = (
			);
			inputPaths = (
			);
			outputFileListPaths = (
			);
			outputPaths = (
			);
			runOnlyForDeploymentPostprocessing = 0;
			shellPath = /bin/sh;
			shellScript = "if which swiftlint >/dev/null; then\n  swiftlint\nelse\n  echo \"warning: SwiftLint not installed, download from https://github.com/realm/SwiftLint\"\nfi\n";
		};
		84CB906B247BF3E00052174E /* ShellScript */ = {
			isa = PBXShellScriptBuildPhase;
			buildActionMask = 2147483647;
			files = (
			);
			inputFileListPaths = (
			);
			inputPaths = (
			);
			outputFileListPaths = (
			);
			outputPaths = (
			);
			runOnlyForDeploymentPostprocessing = 0;
			shellPath = /bin/sh;
			shellScript = "if which swiftlint >/dev/null; then\n  swiftlint\nelse\n  echo \"warning: SwiftLint not installed, download from https://github.com/realm/SwiftLint\"\nfi\n";
		};
		84CB906C247BF3F30052174E /* ShellScript */ = {
			isa = PBXShellScriptBuildPhase;
			buildActionMask = 2147483647;
			files = (
			);
			inputFileListPaths = (
			);
			inputPaths = (
			);
			outputFileListPaths = (
			);
			outputPaths = (
			);
			runOnlyForDeploymentPostprocessing = 0;
			shellPath = /bin/sh;
			shellScript = "if which swiftlint >/dev/null; then\n  swiftlint\nelse\n  echo \"warning: SwiftLint not installed, download from https://github.com/realm/SwiftLint\"\nfi\n";
		};
		9BA807BA865687D9014784A3 /* [CP] Check Pods Manifest.lock */ = {
			isa = PBXShellScriptBuildPhase;
			buildActionMask = 2147483647;
			files = (
			);
			inputFileListPaths = (
			);
			inputPaths = (
				"${PODS_PODFILE_DIR_PATH}/Podfile.lock",
				"${PODS_ROOT}/Manifest.lock",
			);
			name = "[CP] Check Pods Manifest.lock";
			outputFileListPaths = (
			);
			outputPaths = (
				"$(DERIVED_FILE_DIR)/Pods-SOLID-DB-checkManifestLockResult.txt",
			);
			runOnlyForDeploymentPostprocessing = 0;
			shellPath = /bin/sh;
			shellScript = "diff \"${PODS_PODFILE_DIR_PATH}/Podfile.lock\" \"${PODS_ROOT}/Manifest.lock\" > /dev/null\nif [ $? != 0 ] ; then\n    # print error to STDERR\n    echo \"error: The sandbox is not in sync with the Podfile.lock. Run 'pod install' or update your CocoaPods installation.\" >&2\n    exit 1\nfi\n# This output is used by Xcode 'outputs' to avoid re-running this script phase.\necho \"SUCCESS\" > \"${SCRIPT_OUTPUT_FILE_0}\"\n";
			showEnvVarsInLog = 0;
		};
		A5EAC46950BBF0BFF43B4A88 /* [CP] Embed Pods Frameworks */ = {
			isa = PBXShellScriptBuildPhase;
			buildActionMask = 2147483647;
			files = (
			);
			inputFileListPaths = (
				"${PODS_ROOT}/Target Support Files/Pods-SOLID-DB/Pods-SOLID-DB-frameworks-${CONFIGURATION}-input-files.xcfilelist",
			);
			name = "[CP] Embed Pods Frameworks";
			outputFileListPaths = (
				"${PODS_ROOT}/Target Support Files/Pods-SOLID-DB/Pods-SOLID-DB-frameworks-${CONFIGURATION}-output-files.xcfilelist",
			);
			runOnlyForDeploymentPostprocessing = 0;
			shellPath = /bin/sh;
			shellScript = "\"${PODS_ROOT}/Target Support Files/Pods-SOLID-DB/Pods-SOLID-DB-frameworks.sh\"\n";
			showEnvVarsInLog = 0;
		};
		C5DFA2E414A4ACF86634F404 /* [CP] Embed Pods Frameworks */ = {
			isa = PBXShellScriptBuildPhase;
			buildActionMask = 2147483647;
			files = (
			);
			inputFileListPaths = (
				"${PODS_ROOT}/Target Support Files/Pods-SOLID-DB-SOLID-DBUITests/Pods-SOLID-DB-SOLID-DBUITests-frameworks-${CONFIGURATION}-input-files.xcfilelist",
			);
			name = "[CP] Embed Pods Frameworks";
			outputFileListPaths = (
				"${PODS_ROOT}/Target Support Files/Pods-SOLID-DB-SOLID-DBUITests/Pods-SOLID-DB-SOLID-DBUITests-frameworks-${CONFIGURATION}-output-files.xcfilelist",
			);
			runOnlyForDeploymentPostprocessing = 0;
			shellPath = /bin/sh;
			shellScript = "\"${PODS_ROOT}/Target Support Files/Pods-SOLID-DB-SOLID-DBUITests/Pods-SOLID-DB-SOLID-DBUITests-frameworks.sh\"\n";
			showEnvVarsInLog = 0;
		};
		F7F5962DF28796934EF01C60 /* [CP] Check Pods Manifest.lock */ = {
			isa = PBXShellScriptBuildPhase;
			buildActionMask = 2147483647;
			files = (
			);
			inputFileListPaths = (
			);
			inputPaths = (
				"${PODS_PODFILE_DIR_PATH}/Podfile.lock",
				"${PODS_ROOT}/Manifest.lock",
			);
			name = "[CP] Check Pods Manifest.lock";
			outputFileListPaths = (
			);
			outputPaths = (
				"$(DERIVED_FILE_DIR)/Pods-SOLID-DBTests-checkManifestLockResult.txt",
			);
			runOnlyForDeploymentPostprocessing = 0;
			shellPath = /bin/sh;
			shellScript = "diff \"${PODS_PODFILE_DIR_PATH}/Podfile.lock\" \"${PODS_ROOT}/Manifest.lock\" > /dev/null\nif [ $? != 0 ] ; then\n    # print error to STDERR\n    echo \"error: The sandbox is not in sync with the Podfile.lock. Run 'pod install' or update your CocoaPods installation.\" >&2\n    exit 1\nfi\n# This output is used by Xcode 'outputs' to avoid re-running this script phase.\necho \"SUCCESS\" > \"${SCRIPT_OUTPUT_FILE_0}\"\n";
			showEnvVarsInLog = 0;
		};
/* End PBXShellScriptBuildPhase section */

/* Begin PBXSourcesBuildPhase section */
		8452C5D4247673070053B5FA /* Sources */ = {
			isa = PBXSourcesBuildPhase;
			buildActionMask = 2147483647;
			files = (
				8452C61C2476AB680053B5FA /* DatabaseCreator.swift in Sources */,
				8479F91924813EC600895C5D /* DatabaseUserDefaults.swift in Sources */,
				8452C614247691510053B5FA /* SelectorViewController.swift in Sources */,
				847AB06324803CB3008BC76E /* DatabaseMemory.swift in Sources */,
				8452C5DC247673070053B5FA /* AppDelegate.swift in Sources */,
				84EF4C0924802EEB004AE181 /* DataViewModel.swift in Sources */,
				8452C6102476899B0053B5FA /* NavigationController.swift in Sources */,
				849EE244247AF60E00FF9B8B /* LaunchDatabasesStructure.swift in Sources */,
				841D21EF249F5C250068AAA5 /* DatabaseRealm.swift in Sources */,
				844B99182480865700FDAD24 /* TableViewController.swift in Sources */,
				8452C6182476AB140053B5FA /* DatabaseServiceCRUDProtocol.swift in Sources */,
			);
			runOnlyForDeploymentPostprocessing = 0;
		};
		8452C5EA2476730A0053B5FA /* Sources */ = {
			isa = PBXSourcesBuildPhase;
			buildActionMask = 2147483647;
			files = (
				8452C61D2476AB680053B5FA /* DatabaseCreator.swift in Sources */,
				8479F91A24813EC600895C5D /* DatabaseUserDefaults.swift in Sources */,
				8452C615247691510053B5FA /* SelectorViewController.swift in Sources */,
				847AB06424803CB3008BC76E /* DatabaseMemory.swift in Sources */,
				8452C5F32476730A0053B5FA /* SOLID_DBTests.swift in Sources */,
				84EF4C0A24802EEB004AE181 /* DataViewModel.swift in Sources */,
				8452C6112476899B0053B5FA /* NavigationController.swift in Sources */,
				849EE245247AF60E00FF9B8B /* LaunchDatabasesStructure.swift in Sources */,
				841D21F0249F5C250068AAA5 /* DatabaseRealm.swift in Sources */,
				844B99192480865700FDAD24 /* TableViewController.swift in Sources */,
				8452C6192476AB140053B5FA /* DatabaseServiceCRUDProtocol.swift in Sources */,
			);
			runOnlyForDeploymentPostprocessing = 0;
		};
		8452C5F52476730A0053B5FA /* Sources */ = {
			isa = PBXSourcesBuildPhase;
			buildActionMask = 2147483647;
			files = (
				8452C61E2476AB680053B5FA /* DatabaseCreator.swift in Sources */,
				8479F91B24813EC600895C5D /* DatabaseUserDefaults.swift in Sources */,
				8452C616247691510053B5FA /* SelectorViewController.swift in Sources */,
				847AB06524803CB3008BC76E /* DatabaseMemory.swift in Sources */,
				8452C5FE2476730A0053B5FA /* SOLID_DBUITests.swift in Sources */,
				84EF4C0B24802EEB004AE181 /* DataViewModel.swift in Sources */,
				8452C6122476899B0053B5FA /* NavigationController.swift in Sources */,
				849EE246247AF60E00FF9B8B /* LaunchDatabasesStructure.swift in Sources */,
				841D21F1249F5C250068AAA5 /* DatabaseRealm.swift in Sources */,
				844B991A2480865700FDAD24 /* TableViewController.swift in Sources */,
				8452C61A2476AB140053B5FA /* DatabaseServiceCRUDProtocol.swift in Sources */,
			);
			runOnlyForDeploymentPostprocessing = 0;
		};
/* End PBXSourcesBuildPhase section */

/* Begin PBXTargetDependency section */
		8452C5F02476730A0053B5FA /* PBXTargetDependency */ = {
			isa = PBXTargetDependency;
			target = 8452C5D7247673070053B5FA /* SOLID-DB */;
			targetProxy = 8452C5EF2476730A0053B5FA /* PBXContainerItemProxy */;
		};
		8452C5FB2476730A0053B5FA /* PBXTargetDependency */ = {
			isa = PBXTargetDependency;
			target = 8452C5D7247673070053B5FA /* SOLID-DB */;
			targetProxy = 8452C5FA2476730A0053B5FA /* PBXContainerItemProxy */;
		};
/* End PBXTargetDependency section */

/* Begin PBXVariantGroup section */
		8452C5E1247673070053B5FA /* Main.storyboard */ = {
			isa = PBXVariantGroup;
			children = (
				8452C5E2247673070053B5FA /* Base */,
			);
			name = Main.storyboard;
			sourceTree = "<group>";
		};
		8452C5E6247673090053B5FA /* LaunchScreen.storyboard */ = {
			isa = PBXVariantGroup;
			children = (
				8452C5E7247673090053B5FA /* Base */,
			);
			name = LaunchScreen.storyboard;
			sourceTree = "<group>";
		};
/* End PBXVariantGroup section */

/* Begin XCBuildConfiguration section */
		8452C6002476730A0053B5FA /* Debug */ = {
			isa = XCBuildConfiguration;
			buildSettings = {
				ALWAYS_SEARCH_USER_PATHS = NO;
				CLANG_ANALYZER_NONNULL = YES;
				CLANG_ANALYZER_NUMBER_OBJECT_CONVERSION = YES_AGGRESSIVE;
				CLANG_CXX_LANGUAGE_STANDARD = "gnu++14";
				CLANG_CXX_LIBRARY = "libc++";
				CLANG_ENABLE_MODULES = YES;
				CLANG_ENABLE_OBJC_ARC = YES;
				CLANG_ENABLE_OBJC_WEAK = YES;
				CLANG_WARN_BLOCK_CAPTURE_AUTORELEASING = YES;
				CLANG_WARN_BOOL_CONVERSION = YES;
				CLANG_WARN_COMMA = YES;
				CLANG_WARN_CONSTANT_CONVERSION = YES;
				CLANG_WARN_DEPRECATED_OBJC_IMPLEMENTATIONS = YES;
				CLANG_WARN_DIRECT_OBJC_ISA_USAGE = YES_ERROR;
				CLANG_WARN_DOCUMENTATION_COMMENTS = YES;
				CLANG_WARN_EMPTY_BODY = YES;
				CLANG_WARN_ENUM_CONVERSION = YES;
				CLANG_WARN_INFINITE_RECURSION = YES;
				CLANG_WARN_INT_CONVERSION = YES;
				CLANG_WARN_NON_LITERAL_NULL_CONVERSION = YES;
				CLANG_WARN_OBJC_IMPLICIT_RETAIN_SELF = YES;
				CLANG_WARN_OBJC_LITERAL_CONVERSION = YES;
				CLANG_WARN_OBJC_ROOT_CLASS = YES_ERROR;
				CLANG_WARN_RANGE_LOOP_ANALYSIS = YES;
				CLANG_WARN_STRICT_PROTOTYPES = YES;
				CLANG_WARN_SUSPICIOUS_MOVE = YES;
				CLANG_WARN_UNGUARDED_AVAILABILITY = YES_AGGRESSIVE;
				CLANG_WARN_UNREACHABLE_CODE = YES;
				CLANG_WARN__DUPLICATE_METHOD_MATCH = YES;
				COPY_PHASE_STRIP = NO;
				DEBUG_INFORMATION_FORMAT = dwarf;
				ENABLE_STRICT_OBJC_MSGSEND = YES;
				ENABLE_TESTABILITY = YES;
				GCC_C_LANGUAGE_STANDARD = gnu11;
				GCC_DYNAMIC_NO_PIC = NO;
				GCC_NO_COMMON_BLOCKS = YES;
				GCC_OPTIMIZATION_LEVEL = 0;
				GCC_PREPROCESSOR_DEFINITIONS = (
					"DEBUG=1",
					"$(inherited)",
				);
				GCC_WARN_64_TO_32_BIT_CONVERSION = YES;
				GCC_WARN_ABOUT_RETURN_TYPE = YES_ERROR;
				GCC_WARN_UNDECLARED_SELECTOR = YES;
				GCC_WARN_UNINITIALIZED_AUTOS = YES_AGGRESSIVE;
				GCC_WARN_UNUSED_FUNCTION = YES;
				GCC_WARN_UNUSED_VARIABLE = YES;
				IPHONEOS_DEPLOYMENT_TARGET = 13.4;
				MTL_ENABLE_DEBUG_INFO = INCLUDE_SOURCE;
				MTL_FAST_MATH = YES;
				ONLY_ACTIVE_ARCH = YES;
				SDKROOT = iphoneos;
				SWIFT_ACTIVE_COMPILATION_CONDITIONS = DEBUG;
				SWIFT_OPTIMIZATION_LEVEL = "-Onone";
			};
			name = Debug;
		};
		8452C6012476730A0053B5FA /* Release */ = {
			isa = XCBuildConfiguration;
			buildSettings = {
				ALWAYS_SEARCH_USER_PATHS = NO;
				CLANG_ANALYZER_NONNULL = YES;
				CLANG_ANALYZER_NUMBER_OBJECT_CONVERSION = YES_AGGRESSIVE;
				CLANG_CXX_LANGUAGE_STANDARD = "gnu++14";
				CLANG_CXX_LIBRARY = "libc++";
				CLANG_ENABLE_MODULES = YES;
				CLANG_ENABLE_OBJC_ARC = YES;
				CLANG_ENABLE_OBJC_WEAK = YES;
				CLANG_WARN_BLOCK_CAPTURE_AUTORELEASING = YES;
				CLANG_WARN_BOOL_CONVERSION = YES;
				CLANG_WARN_COMMA = YES;
				CLANG_WARN_CONSTANT_CONVERSION = YES;
				CLANG_WARN_DEPRECATED_OBJC_IMPLEMENTATIONS = YES;
				CLANG_WARN_DIRECT_OBJC_ISA_USAGE = YES_ERROR;
				CLANG_WARN_DOCUMENTATION_COMMENTS = YES;
				CLANG_WARN_EMPTY_BODY = YES;
				CLANG_WARN_ENUM_CONVERSION = YES;
				CLANG_WARN_INFINITE_RECURSION = YES;
				CLANG_WARN_INT_CONVERSION = YES;
				CLANG_WARN_NON_LITERAL_NULL_CONVERSION = YES;
				CLANG_WARN_OBJC_IMPLICIT_RETAIN_SELF = YES;
				CLANG_WARN_OBJC_LITERAL_CONVERSION = YES;
				CLANG_WARN_OBJC_ROOT_CLASS = YES_ERROR;
				CLANG_WARN_RANGE_LOOP_ANALYSIS = YES;
				CLANG_WARN_STRICT_PROTOTYPES = YES;
				CLANG_WARN_SUSPICIOUS_MOVE = YES;
				CLANG_WARN_UNGUARDED_AVAILABILITY = YES_AGGRESSIVE;
				CLANG_WARN_UNREACHABLE_CODE = YES;
				CLANG_WARN__DUPLICATE_METHOD_MATCH = YES;
				COPY_PHASE_STRIP = NO;
				DEBUG_INFORMATION_FORMAT = "dwarf-with-dsym";
				ENABLE_NS_ASSERTIONS = NO;
				ENABLE_STRICT_OBJC_MSGSEND = YES;
				GCC_C_LANGUAGE_STANDARD = gnu11;
				GCC_NO_COMMON_BLOCKS = YES;
				GCC_WARN_64_TO_32_BIT_CONVERSION = YES;
				GCC_WARN_ABOUT_RETURN_TYPE = YES_ERROR;
				GCC_WARN_UNDECLARED_SELECTOR = YES;
				GCC_WARN_UNINITIALIZED_AUTOS = YES_AGGRESSIVE;
				GCC_WARN_UNUSED_FUNCTION = YES;
				GCC_WARN_UNUSED_VARIABLE = YES;
				IPHONEOS_DEPLOYMENT_TARGET = 13.4;
				MTL_ENABLE_DEBUG_INFO = NO;
				MTL_FAST_MATH = YES;
				SDKROOT = iphoneos;
				SWIFT_COMPILATION_MODE = wholemodule;
				SWIFT_OPTIMIZATION_LEVEL = "-O";
				VALIDATE_PRODUCT = YES;
			};
			name = Release;
		};
		8452C6032476730A0053B5FA /* Debug */ = {
			isa = XCBuildConfiguration;
			baseConfigurationReference = CC1B0D27FFB24CF49A19F92D /* Pods-SOLID-DB.debug.xcconfig */;
			buildSettings = {
				ASSETCATALOG_COMPILER_APPICON_NAME = AppIcon;
				CODE_SIGN_STYLE = Automatic;
				INFOPLIST_FILE = "SOLID-DB/Info.plist";
				IPHONEOS_DEPLOYMENT_TARGET = 10.3;
				LD_RUNPATH_SEARCH_PATHS = (
					"$(inherited)",
					"@executable_path/Frameworks",
				);
				PRODUCT_BUNDLE_IDENTIFIER = "pl.soliddb.SOLID-DB";
				PRODUCT_NAME = "$(TARGET_NAME)";
				SWIFT_VERSION = 5.0;
				TARGETED_DEVICE_FAMILY = "1,2";
			};
			name = Debug;
		};
		8452C6042476730A0053B5FA /* Release */ = {
			isa = XCBuildConfiguration;
			baseConfigurationReference = 3B02DCAD8EA1F65EBE13263A /* Pods-SOLID-DB.release.xcconfig */;
			buildSettings = {
				ASSETCATALOG_COMPILER_APPICON_NAME = AppIcon;
				CODE_SIGN_STYLE = Automatic;
				INFOPLIST_FILE = "SOLID-DB/Info.plist";
				IPHONEOS_DEPLOYMENT_TARGET = 10.3;
				LD_RUNPATH_SEARCH_PATHS = (
					"$(inherited)",
					"@executable_path/Frameworks",
				);
				PRODUCT_BUNDLE_IDENTIFIER = "pl.soliddb.SOLID-DB";
				PRODUCT_NAME = "$(TARGET_NAME)";
				SWIFT_VERSION = 5.0;
				TARGETED_DEVICE_FAMILY = "1,2";
			};
			name = Release;
		};
		8452C6062476730A0053B5FA /* Debug */ = {
			isa = XCBuildConfiguration;
			baseConfigurationReference = 57DC2175B17BA169DF0A9769 /* Pods-SOLID-DBTests.debug.xcconfig */;
			buildSettings = {
				ALWAYS_EMBED_SWIFT_STANDARD_LIBRARIES = "$(inherited)";
				BUNDLE_LOADER = "$(TEST_HOST)";
				CODE_SIGN_STYLE = Automatic;
				INFOPLIST_FILE = "SOLID-DBTests/Info.plist";
				IPHONEOS_DEPLOYMENT_TARGET = 13.4;
				LD_RUNPATH_SEARCH_PATHS = (
					"$(inherited)",
					"@executable_path/Frameworks",
					"@loader_path/Frameworks",
				);
				PRODUCT_BUNDLE_IDENTIFIER = "pl.soliddb.SOLID-DBTests";
				PRODUCT_NAME = "$(TARGET_NAME)";
				SWIFT_VERSION = 5.0;
				TARGETED_DEVICE_FAMILY = "1,2";
				TEST_HOST = "$(BUILT_PRODUCTS_DIR)/SOLID-DB.app/SOLID-DB";
			};
			name = Debug;
		};
		8452C6072476730A0053B5FA /* Release */ = {
			isa = XCBuildConfiguration;
			baseConfigurationReference = 5559B77366766A64ED9FFC65 /* Pods-SOLID-DBTests.release.xcconfig */;
			buildSettings = {
				ALWAYS_EMBED_SWIFT_STANDARD_LIBRARIES = "$(inherited)";
				BUNDLE_LOADER = "$(TEST_HOST)";
				CODE_SIGN_STYLE = Automatic;
				INFOPLIST_FILE = "SOLID-DBTests/Info.plist";
				IPHONEOS_DEPLOYMENT_TARGET = 13.4;
				LD_RUNPATH_SEARCH_PATHS = (
					"$(inherited)",
					"@executable_path/Frameworks",
					"@loader_path/Frameworks",
				);
				PRODUCT_BUNDLE_IDENTIFIER = "pl.soliddb.SOLID-DBTests";
				PRODUCT_NAME = "$(TARGET_NAME)";
				SWIFT_VERSION = 5.0;
				TARGETED_DEVICE_FAMILY = "1,2";
				TEST_HOST = "$(BUILT_PRODUCTS_DIR)/SOLID-DB.app/SOLID-DB";
			};
			name = Release;
		};
		8452C6092476730A0053B5FA /* Debug */ = {
			isa = XCBuildConfiguration;
			baseConfigurationReference = 377DFDF80B040159173D8A14 /* Pods-SOLID-DB-SOLID-DBUITests.debug.xcconfig */;
			buildSettings = {
				ALWAYS_EMBED_SWIFT_STANDARD_LIBRARIES = "$(inherited)";
				CODE_SIGN_STYLE = Automatic;
				INFOPLIST_FILE = "SOLID-DBUITests/Info.plist";
				LD_RUNPATH_SEARCH_PATHS = (
					"$(inherited)",
					"@executable_path/Frameworks",
					"@loader_path/Frameworks",
				);
				PRODUCT_BUNDLE_IDENTIFIER = "pl.soliddb.SOLID-DBUITests";
				PRODUCT_NAME = "$(TARGET_NAME)";
				SWIFT_VERSION = 5.0;
				TARGETED_DEVICE_FAMILY = "1,2";
				TEST_TARGET_NAME = "SOLID-DB";
			};
			name = Debug;
		};
		8452C60A2476730A0053B5FA /* Release */ = {
			isa = XCBuildConfiguration;
			baseConfigurationReference = EAC5561C2C3BFF7D7693C768 /* Pods-SOLID-DB-SOLID-DBUITests.release.xcconfig */;
			buildSettings = {
				ALWAYS_EMBED_SWIFT_STANDARD_LIBRARIES = "$(inherited)";
				CODE_SIGN_STYLE = Automatic;
				INFOPLIST_FILE = "SOLID-DBUITests/Info.plist";
				LD_RUNPATH_SEARCH_PATHS = (
					"$(inherited)",
					"@executable_path/Frameworks",
					"@loader_path/Frameworks",
				);
				PRODUCT_BUNDLE_IDENTIFIER = "pl.soliddb.SOLID-DBUITests";
				PRODUCT_NAME = "$(TARGET_NAME)";
				SWIFT_VERSION = 5.0;
				TARGETED_DEVICE_FAMILY = "1,2";
				TEST_TARGET_NAME = "SOLID-DB";
			};
			name = Release;
		};
/* End XCBuildConfiguration section */

/* Begin XCConfigurationList section */
		8452C5D3247673070053B5FA /* Build configuration list for PBXProject "SOLID-DB" */ = {
			isa = XCConfigurationList;
			buildConfigurations = (
				8452C6002476730A0053B5FA /* Debug */,
				8452C6012476730A0053B5FA /* Release */,
			);
			defaultConfigurationIsVisible = 0;
			defaultConfigurationName = Release;
		};
		8452C6022476730A0053B5FA /* Build configuration list for PBXNativeTarget "SOLID-DB" */ = {
			isa = XCConfigurationList;
			buildConfigurations = (
				8452C6032476730A0053B5FA /* Debug */,
				8452C6042476730A0053B5FA /* Release */,
			);
			defaultConfigurationIsVisible = 0;
			defaultConfigurationName = Release;
		};
		8452C6052476730A0053B5FA /* Build configuration list for PBXNativeTarget "SOLID-DBTests" */ = {
			isa = XCConfigurationList;
			buildConfigurations = (
				8452C6062476730A0053B5FA /* Debug */,
				8452C6072476730A0053B5FA /* Release */,
			);
			defaultConfigurationIsVisible = 0;
			defaultConfigurationName = Release;
		};
		8452C6082476730A0053B5FA /* Build configuration list for PBXNativeTarget "SOLID-DBUITests" */ = {
			isa = XCConfigurationList;
			buildConfigurations = (
				8452C6092476730A0053B5FA /* Debug */,
				8452C60A2476730A0053B5FA /* Release */,
			);
			defaultConfigurationIsVisible = 0;
			defaultConfigurationName = Release;
		};
/* End XCConfigurationList section */
	};
	rootObject = 8452C5D0247673070053B5FA /* Project object */;
}
